{
    "_readme": [
        "This file locks the dependencies of your project to a known state",
        "Read more about it at https://getcomposer.org/doc/01-basic-usage.md#installing-dependencies",
        "This file is @generated automatically"
    ],
    "content-hash": "9ea9a7ddf511db856f37241212597b32",
    "packages": [
        {
            "name": "lightfm/lightfm-php",
            "version": "dev-claude-generated-php-porting",
            "dist": {
                "type": "path",
                "url": "../lightfm-php",
                "reference": "3b6486a99228e0b4f97b374bc27570753da86fbf"
            },
            "require": {
                "ext-ffi": "*",
                "php": ">=8.0"
            },
            "require-dev": {
                "phpunit/phpunit": "^9.0|^10.0|^11.0"
            },
            "type": "library",
            "autoload": {
                "psr-0": {
                    "": "src/"
                }
            },
            "autoload-dev": {
                "psr-4": {
                    "LightFM\\Tests\\": "tests/"
                }
            },
            "scripts": {
                "test": [
                    "phpunit"
                ],
                "test-coverage": [
                    "phpunit --coverage-html coverage"
                ]
            },
            "license": [
                "Apache-2.0"
            ],
            "authors": [
                {
                    "name": "LightFM PHP Contributors",
                    "email": "contributors@lightfm-php.org"
                }
            ],
            "description": "PHP port of the LightFM Python library using FFI bindings to C implementation for hybrid recommender systems",
            "keywords": [
                "collaborative-filtering",
                "ffi",
                "machine-learning",
                "matrix-factorization",
                "recommender-systems"
            ],
            "transport-options": {
                "relative": true
            }
        }
    ],
    "packages-dev": [],
    "aliases": [],
    "minimum-stability": "dev",
    "stability-flags": {},
    "prefer-stable": true,
    "prefer-lowest": false,
    "platform": {},
    "platform-dev": {},
    "plugin-api-version": "2.6.0"
}
